
Microsoft Visual Studio Solution File, Format Version 12.00
# Visual Studio Version 16
VisualStudioVersion = 16.0.31321.278
MinimumVisualStudioVersion = 10.0.40219.1
Project("{FAE04EC0-301F-11D3-BF4B-00C04F79EFBC}") = "BITWebApp", "BITWebApp\BITWebApp.csproj", "{EDA600A6-9CA2-4C29-A39C-B2BC9E415439}"
EndProject
Project("{FAE04EC0-301F-11D3-BF4B-00C04F79EFBC}") = "BITDesktopApp", "BITDesktopApp\BITDesktopApp.csproj", "{C4EFE407-F486-4690-8E0C-11027211AE51}"
EndProject
Project("{FAE04EC0-301F-11D3-BF4B-00C04F79EFBC}") = "BITTestProject", "BITTestProject\BITTestProject.csproj", "{657FEC79-7C2F-4C19-A05D-EACF8D8C860B}"
EndProject
Global
	GlobalSection(SolutionConfigurationPlatforms) = preSolution
		Debug|Any CPU = Debug|Any CPU
		Release|Any CPU = Release|Any CPU
	EndGlobalSection
	GlobalSection(ProjectConfigurationPlatforms) = postSolution
		{EDA600A6-9CA2-4C29-A39C-B2BC9E415439}.Debug|Any CPU.ActiveCfg = Debug|Any CPU
		{EDA600A6-9CA2-4C29-A39C-B2BC9E415439}.Debug|Any CPU.Build.0 = Debug|Any CPU
		{EDA600A6-9CA2-4C29-A39C-B2BC9E415439}.Release|Any CPU.ActiveCfg = Release|Any CPU
		{EDA600A6-9CA2-4C29-A39C-B2BC9E415439}.Release|Any CPU.Build.0 = Release|Any CPU
		{C4EFE407-F486-4690-8E0C-11027211AE51}.Debug|Any CPU.ActiveCfg = Debug|Any CPU
		{C4EFE407-F486-4690-8E0C-11027211AE51}.Debug|Any CPU.Build.0 = Debug|Any CPU
		{C4EFE407-F486-4690-8E0C-11027211AE51}.Release|Any CPU.ActiveCfg = Release|Any CPU
		{C4EFE407-F486-4690-8E0C-11027211AE51}.Release|Any CPU.Build.0 = Release|Any CPU
		{657FEC79-7C2F-4C19-A05D-EACF8D8C860B}.Debug|Any CPU.ActiveCfg = Debug|Any CPU
		{657FEC79-7C2F-4C19-A05D-EACF8D8C860B}.Debug|Any CPU.Build.0 = Debug|Any CPU
		{657FEC79-7C2F-4C19-A05D-EACF8D8C860B}.Release|Any CPU.ActiveCfg = Release|Any CPU
		{657FEC79-7C2F-4C19-A05D-EACF8D8C860B}.Release|Any CPU.Build.0 = Release|Any CPU
	EndGlobalSection
	GlobalSection(SolutionProperties) = preSolution
		HideSolutionNode = FALSE
	EndGlobalSection
	GlobalSection(ExtensibilityGlobals) = postSolution
		SolutionGuid = {95B99219-B864-46C9-8A3E-7814C2910ABF}
	EndGlobalSection
EndGlobal
